{
  "version": 4,
  "terraform_version": "1.9.8",
  "serial": 20,
  "lineage": "871bc53e-c435-b0f6-a7bf-62c7f58e61f8",
  "outputs": {
    "app_service_url": {
      "value": "carpels-webapp-staging-westeurope-01.azurewebsites.net",
      "type": "string"
    },
    "resource_group_name": {
      "value": "carpels-rg-staging-westeurope-01",
      "type": "string"
    },
    "subnet_id": {
      "value": "/subscriptions/e37aaf0e-5c2c-44b9-8c3c-64dbf33031a0/resourceGroups/carpels-rg-staging-westeurope-01/providers/Microsoft.Network/virtualNetworks/carpels-vnet-staging-westeurope-01/subnets/carpels-subnet-staging-westeurope-01",
      "type": "string"
    }
  },
  "resources": [
    {
      "mode": "managed",
      "type": "azurerm_linux_web_app",
      "name": "webapp",
      "provider": "provider[\"registry.terraform.io/hashicorp/azurerm\"]",
      "instances": [
        {
          "schema_version": 1,
          "attributes": {
            "app_settings": {
              "WEBSITE_STACK": "dotnetcore|8.0"
            },
            "auth_settings": [],
            "auth_settings_v2": [],
            "backup": [],
            "client_affinity_enabled": false,
            "client_certificate_enabled": false,
            "client_certificate_exclusion_paths": "",
            "client_certificate_mode": "Required",
            "connection_string": [],
            "custom_domain_verification_id": "C83D562188F34B4368DB6E84FC7DCC0BF3534B78348E413593C837F8DFB69503",
            "default_hostname": "carpels-webapp-staging-westeurope-01.azurewebsites.net",
            "enabled": true,
            "ftp_publish_basic_authentication_enabled": true,
            "hosting_environment_id": "",
            "https_only": true,
            "id": "/subscriptions/e37aaf0e-5c2c-44b9-8c3c-64dbf33031a0/resourceGroups/carpels-rg-staging-westeurope-01/providers/Microsoft.Web/sites/carpels-webapp-staging-westeurope-01",
            "identity": [],
            "key_vault_reference_identity_id": "SystemAssigned",
            "kind": "app,linux",
            "location": "westeurope",
            "logs": [],
            "name": "carpels-webapp-staging-westeurope-01",
            "outbound_ip_address_list": [
              "52.157.195.82",
              "52.236.181.25",
              "104.40.185.11",
              "40.118.13.254",
              "13.69.68.64"
            ],
            "outbound_ip_addresses": "52.157.195.82,52.236.181.25,104.40.185.11,40.118.13.254,13.69.68.64",
            "possible_outbound_ip_address_list": [
              "52.157.195.82",
              "52.236.181.25",
              "104.40.185.11",
              "40.118.13.254",
              "40.68.240.155",
              "52.142.214.122",
              "52.166.232.66",
              "40.115.43.232",
              "23.97.169.51",
              "20.103.121.151",
              "20.123.249.124",
              "20.123.250.59",
              "20.123.251.21",
              "20.123.251.99",
              "20.103.121.189",
              "20.123.251.142",
              "20.93.180.10",
              "20.93.181.54",
              "20.123.251.162",
              "20.123.251.198",
              "20.123.251.203",
              "13.69.68.64"
            ],
            "possible_outbound_ip_addresses": "52.157.195.82,52.236.181.25,104.40.185.11,40.118.13.254,40.68.240.155,52.142.214.122,52.166.232.66,40.115.43.232,23.97.169.51,20.103.121.151,20.123.249.124,20.123.250.59,20.123.251.21,20.123.251.99,20.103.121.189,20.123.251.142,20.93.180.10,20.93.181.54,20.123.251.162,20.123.251.198,20.123.251.203,13.69.68.64",
            "public_network_access_enabled": true,
            "resource_group_name": "carpels-rg-staging-westeurope-01",
            "service_plan_id": "/subscriptions/e37aaf0e-5c2c-44b9-8c3c-64dbf33031a0/resourceGroups/carpels-rg-staging-westeurope-01/providers/Microsoft.Web/serverFarms/carpels-asp-staging-westeurope-01",
            "site_config": [
              {
                "always_on": false,
                "api_definition_url": "",
                "api_management_api_id": "",
                "app_command_line": "",
                "application_stack": [
                  {
                    "docker_image_name": "",
                    "docker_registry_password": "",
                    "docker_registry_url": "",
                    "docker_registry_username": "",
                    "dotnet_version": "",
                    "go_version": "",
                    "java_server": "",
                    "java_server_version": "",
                    "java_version": "",
                    "node_version": "",
                    "php_version": "",
                    "python_version": "",
                    "ruby_version": ""
                  }
                ],
                "auto_heal_setting": [],
                "container_registry_managed_identity_client_id": "",
                "container_registry_use_managed_identity": false,
                "cors": [],
                "default_documents": [
                  "Default.htm",
                  "Default.html",
                  "Default.asp",
                  "index.htm",
                  "index.html",
                  "iisstart.htm",
                  "default.aspx",
                  "index.php",
                  "hostingstart.html"
                ],
                "detailed_error_logging_enabled": false,
                "ftps_state": "Disabled",
                "health_check_eviction_time_in_min": 0,
                "health_check_path": "",
                "http2_enabled": false,
                "ip_restriction": [],
                "ip_restriction_default_action": "Allow",
                "linux_fx_version": "",
                "load_balancing_mode": "LeastRequests",
                "local_mysql_enabled": false,
                "managed_pipeline_mode": "Integrated",
                "minimum_tls_version": "1.2",
                "remote_debugging_enabled": false,
                "remote_debugging_version": "VS2022",
                "scm_ip_restriction": [],
                "scm_ip_restriction_default_action": "Allow",
                "scm_minimum_tls_version": "1.2",
                "scm_type": "None",
                "scm_use_main_ip_restriction": false,
                "use_32_bit_worker": true,
                "vnet_route_all_enabled": false,
                "websockets_enabled": false,
                "worker_count": 1
              }
            ],
            "site_credential": [
              {
                "name": "$carpels-webapp-staging-westeurope-01",
                "password": "eki6xg4teYQdicDCnrA0Tv3zPMoig8m5XyEnFkppHnB34RfWBi5neDBp4oKN"
              }
            ],
            "sticky_settings": [],
            "storage_account": [],
            "tags": null,
            "timeouts": null,
            "virtual_network_subnet_id": "",
            "webdeploy_publish_basic_authentication_enabled": true,
            "zip_deploy_file": ""
          },
          "sensitive_attributes": [
            [
              {
                "type": "get_attr",
                "value": "custom_domain_verification_id"
              }
            ],
            [
              {
                "type": "get_attr",
                "value": "site_credential"
              }
            ],
            [
              {
                "type": "get_attr",
                "value": "site_config"
              },
              {
                "type": "index",
                "value": {
                  "value": 0,
                  "type": "number"
                }
              },
              {
                "type": "get_attr",
                "value": "application_stack"
              },
              {
                "type": "index",
                "value": {
                  "value": 0,
                  "type": "number"
                }
              },
              {
                "type": "get_attr",
                "value": "docker_registry_password"
              }
            ]
          ],
          "private": "eyJlMmJmYjczMC1lY2FhLTExZTYtOGY4OC0zNDM2M2JjN2M0YzAiOnsiY3JlYXRlIjoxODAwMDAwMDAwMDAwLCJkZWxldGUiOjE4MDAwMDAwMDAwMDAsInJlYWQiOjMwMDAwMDAwMDAwMCwidXBkYXRlIjoxODAwMDAwMDAwMDAwfSwic2NoZW1hX3ZlcnNpb24iOiIxIn0=",
          "dependencies": [
            "azurerm_resource_group.rg",
            "azurerm_service_plan.app_plan"
          ]
        }
      ]
    },
    {
      "mode": "managed",
      "type": "azurerm_resource_group",
      "name": "rg",
      "provider": "provider[\"registry.terraform.io/hashicorp/azurerm\"]",
      "instances": [
        {
          "schema_version": 0,
          "attributes": {
            "id": "/subscriptions/e37aaf0e-5c2c-44b9-8c3c-64dbf33031a0/resourceGroups/carpels-rg-staging-westeurope-01",
            "location": "westeurope",
            "managed_by": "",
            "name": "carpels-rg-staging-westeurope-01",
            "tags": null,
            "timeouts": null
          },
          "sensitive_attributes": [],
          "private": "eyJlMmJmYjczMC1lY2FhLTExZTYtOGY4OC0zNDM2M2JjN2M0YzAiOnsiY3JlYXRlIjo1NDAwMDAwMDAwMDAwLCJkZWxldGUiOjU0MDAwMDAwMDAwMDAsInJlYWQiOjMwMDAwMDAwMDAwMCwidXBkYXRlIjo1NDAwMDAwMDAwMDAwfX0="
        }
      ]
    },
    {
      "mode": "managed",
      "type": "azurerm_service_plan",
      "name": "app_plan",
      "provider": "provider[\"registry.terraform.io/hashicorp/azurerm\"]",
      "instances": [
        {
          "schema_version": 1,
          "attributes": {
            "app_service_environment_id": "",
            "id": "/subscriptions/e37aaf0e-5c2c-44b9-8c3c-64dbf33031a0/resourceGroups/carpels-rg-staging-westeurope-01/providers/Microsoft.Web/serverFarms/carpels-asp-staging-westeurope-01",
            "kind": "linux",
            "location": "westeurope",
            "maximum_elastic_worker_count": 1,
            "name": "carpels-asp-staging-westeurope-01",
            "os_type": "Linux",
            "per_site_scaling_enabled": false,
            "reserved": true,
            "resource_group_name": "carpels-rg-staging-westeurope-01",
            "sku_name": "F1",
            "tags": null,
            "timeouts": null,
            "worker_count": 1,
            "zone_balancing_enabled": false
          },
          "sensitive_attributes": [],
          "private": "eyJlMmJmYjczMC1lY2FhLTExZTYtOGY4OC0zNDM2M2JjN2M0YzAiOnsiY3JlYXRlIjozNjAwMDAwMDAwMDAwLCJkZWxldGUiOjM2MDAwMDAwMDAwMDAsInJlYWQiOjMwMDAwMDAwMDAwMCwidXBkYXRlIjozNjAwMDAwMDAwMDAwfSwic2NoZW1hX3ZlcnNpb24iOiIxIn0=",
          "dependencies": [
            "azurerm_resource_group.rg"
          ]
        }
      ]
    },
    {
      "mode": "managed",
      "type": "azurerm_subnet",
      "name": "subnet",
      "provider": "provider[\"registry.terraform.io/hashicorp/azurerm\"]",
      "instances": [
        {
          "schema_version": 0,
          "attributes": {
            "address_prefixes": [
              "172.16.30.0/24"
            ],
            "default_outbound_access_enabled": true,
            "delegation": [],
            "id": "/subscriptions/e37aaf0e-5c2c-44b9-8c3c-64dbf33031a0/resourceGroups/carpels-rg-staging-westeurope-01/providers/Microsoft.Network/virtualNetworks/carpels-vnet-staging-westeurope-01/subnets/carpels-subnet-staging-westeurope-01",
            "name": "carpels-subnet-staging-westeurope-01",
            "private_endpoint_network_policies": "Disabled",
            "private_link_service_network_policies_enabled": true,
            "resource_group_name": "carpels-rg-staging-westeurope-01",
            "service_endpoint_policy_ids": null,
            "service_endpoints": null,
            "timeouts": null,
            "virtual_network_name": "carpels-vnet-staging-westeurope-01"
          },
          "sensitive_attributes": [],
          "private": "eyJlMmJmYjczMC1lY2FhLTExZTYtOGY4OC0zNDM2M2JjN2M0YzAiOnsiY3JlYXRlIjoxODAwMDAwMDAwMDAwLCJkZWxldGUiOjE4MDAwMDAwMDAwMDAsInJlYWQiOjMwMDAwMDAwMDAwMCwidXBkYXRlIjoxODAwMDAwMDAwMDAwfX0=",
          "dependencies": [
            "azurerm_resource_group.rg",
            "azurerm_virtual_network.vnet"
          ]
        }
      ]
    },
    {
      "mode": "managed",
      "type": "azurerm_virtual_network",
      "name": "vnet",
      "provider": "provider[\"registry.terraform.io/hashicorp/azurerm\"]",
      "instances": [
        {
          "schema_version": 0,
          "attributes": {
            "address_space": [
              "172.16.0.0/16"
            ],
            "bgp_community": "",
            "ddos_protection_plan": [],
            "dns_servers": [],
            "edge_zone": "",
            "encryption": [],
            "flow_timeout_in_minutes": 0,
            "guid": "c26fd04c-7e82-4c31-9fdd-6f39cddf4fd1",
            "id": "/subscriptions/e37aaf0e-5c2c-44b9-8c3c-64dbf33031a0/resourceGroups/carpels-rg-staging-westeurope-01/providers/Microsoft.Network/virtualNetworks/carpels-vnet-staging-westeurope-01",
            "location": "westeurope",
            "name": "carpels-vnet-staging-westeurope-01",
            "resource_group_name": "carpels-rg-staging-westeurope-01",
            "subnet": [],
            "tags": null,
            "timeouts": null
          },
          "sensitive_attributes": [],
          "private": "eyJlMmJmYjczMC1lY2FhLTExZTYtOGY4OC0zNDM2M2JjN2M0YzAiOnsiY3JlYXRlIjoxODAwMDAwMDAwMDAwLCJkZWxldGUiOjE4MDAwMDAwMDAwMDAsInJlYWQiOjMwMDAwMDAwMDAwMCwidXBkYXRlIjoxODAwMDAwMDAwMDAwfX0=",
          "dependencies": [
            "azurerm_resource_group.rg"
          ]
        }
      ]
    }
  ],
  "check_results": null
}
